
Microsoft Visual Studio Solution File, Format Version 12.00
# Visual Studio 2012
Project("{FAE04EC0-301F-11D3-BF4B-00C04F79EFBC}") = "SistemaOlano", "SistemaOlano\SistemaOlano.csproj", "{2E1DEAB9-ABC2-4133-82A2-76BB6304F35D}"
EndProject
Project("{FAE04EC0-301F-11D3-BF4B-00C04F79EFBC}") = "NegocioSistemaOlano", "NegocioSistemaOlano\NegocioSistemaOlano.csproj", "{9EDAA54D-B8CF-4E2A-83F8-35E6C17E43B6}"
EndProject
Project("{FAE04EC0-301F-11D3-BF4B-00C04F79EFBC}") = "DatosSistemaOlano", "DatosSistemaOlano\DatosSistemaOlano.csproj", "{F9A45D5F-C046-4FF3-98AA-1CAA73B6B97E}"
EndProject
Global
	GlobalSection(SolutionConfigurationPlatforms) = preSolution
		Debug|Any CPU = Debug|Any CPU
		Release|Any CPU = Release|Any CPU
	EndGlobalSection
	GlobalSection(ProjectConfigurationPlatforms) = postSolution
		{2E1DEAB9-ABC2-4133-82A2-76BB6304F35D}.Debug|Any CPU.ActiveCfg = Debug|Any CPU
		{2E1DEAB9-ABC2-4133-82A2-76BB6304F35D}.Debug|Any CPU.Build.0 = Debug|Any CPU
		{2E1DEAB9-ABC2-4133-82A2-76BB6304F35D}.Release|Any CPU.ActiveCfg = Release|Any CPU
		{2E1DEAB9-ABC2-4133-82A2-76BB6304F35D}.Release|Any CPU.Build.0 = Release|Any CPU
		{9EDAA54D-B8CF-4E2A-83F8-35E6C17E43B6}.Debug|Any CPU.ActiveCfg = Debug|Any CPU
		{9EDAA54D-B8CF-4E2A-83F8-35E6C17E43B6}.Debug|Any CPU.Build.0 = Debug|Any CPU
		{9EDAA54D-B8CF-4E2A-83F8-35E6C17E43B6}.Release|Any CPU.ActiveCfg = Release|Any CPU
		{9EDAA54D-B8CF-4E2A-83F8-35E6C17E43B6}.Release|Any CPU.Build.0 = Release|Any CPU
		{F9A45D5F-C046-4FF3-98AA-1CAA73B6B97E}.Debug|Any CPU.ActiveCfg = Debug|Any CPU
		{F9A45D5F-C046-4FF3-98AA-1CAA73B6B97E}.Debug|Any CPU.Build.0 = Debug|Any CPU
		{F9A45D5F-C046-4FF3-98AA-1CAA73B6B97E}.Release|Any CPU.ActiveCfg = Release|Any CPU
		{F9A45D5F-C046-4FF3-98AA-1CAA73B6B97E}.Release|Any CPU.Build.0 = Release|Any CPU
	EndGlobalSection
	GlobalSection(SolutionProperties) = preSolution
		HideSolutionNode = FALSE
	EndGlobalSection
EndGlobal
